{
  "name": "@ipfn/protons-gen",
  "version": "0.0.1",
  "lockfileVersion": 1,
  "requires": true,
  "dependencies": {
    "@ipfn/protons": {
      "version": "1.1.0",
      "resolved": "https://registry.npmjs.org/@ipfn/protons/-/protons-1.1.0.tgz",
      "integrity": "sha512-haxVyN+lk1bV9c0mbfKO+Ciwi/vP4cIcntBo/19nBnTbRocFneUlmVT58Ny3Bpj/rFjWOID62u4gKNFX9+LFKQ==",
      "requires": {
        "protocol-buffers-schema": "3.3.2",
        "safe-buffer": "5.1.2",
        "signed-varint": "2.0.1",
        "varint": "5.0.0"
      }
    },
    "protocol-buffers-schema": {
      "version": "3.3.2",
      "resolved": "https://registry.npmjs.org/protocol-buffers-schema/-/protocol-buffers-schema-3.3.2.tgz",
      "integrity": "sha512-Xdayp8sB/mU+sUV4G7ws8xtYMGdQnxbeIfLjyO9TZZRJdztBGhlmbI5x1qcY4TG5hBkIKGnc28i7nXxaugu88w=="
    },
    "safe-buffer": {
      "version": "5.1.2",
      "resolved": "https://registry.npmjs.org/safe-buffer/-/safe-buffer-5.1.2.tgz",
      "integrity": "sha512-Gd2UZBJDkXlY7GbJxfsE8/nvKkUEU1G38c1siN6QP6a9PT9MmHB8GnpscSmMJSoF8LOIrt8ud/wPtojys4G6+g=="
    },
    "signed-varint": {
      "version": "2.0.1",
      "resolved": "https://registry.npmjs.org/signed-varint/-/signed-varint-2.0.1.tgz",
      "integrity": "sha1-UKmYnafJjCxh2tEZvJdHDvhSgSk=",
      "requires": {
        "varint": "5.0.0"
      }
    },
    "varint": {
      "version": "5.0.0",
      "resolved": "https://registry.npmjs.org/varint/-/varint-5.0.0.tgz",
      "integrity": "sha1-2Ca4n3SQcy+rwMDtaT7Uddyynr8="
    }
  }
}
